
Microsoft Visual Studio Solution File, Format Version 12.00
# Visual Studio Version 17
VisualStudioVersion = 17.5.33414.496
MinimumVisualStudioVersion = 10.0.40219.1
Project("{FAE04EC0-301F-11D3-BF4B-00C04F79EFBC}") = "E_Learning-MVC-Project", "E_Learning-MVC-Project\E_Learning-MVC-Project.csproj", "{282985FE-BA17-44E8-9825-FA323CDDCEDC}"
EndProject
Global
	GlobalSection(SolutionConfigurationPlatforms) = preSolution
		Debug|Any CPU = Debug|Any CPU
		Release|Any CPU = Release|Any CPU
	EndGlobalSection
	GlobalSection(ProjectConfigurationPlatforms) = postSolution
		{282985FE-BA17-44E8-9825-FA323CDDCEDC}.Debug|Any CPU.ActiveCfg = Debug|Any CPU
		{282985FE-BA17-44E8-9825-FA323CDDCEDC}.Debug|Any CPU.Build.0 = Debug|Any CPU
		{282985FE-BA17-44E8-9825-FA323CDDCEDC}.Release|Any CPU.ActiveCfg = Release|Any CPU
		{282985FE-BA17-44E8-9825-FA323CDDCEDC}.Release|Any CPU.Build.0 = Release|Any CPU
	EndGlobalSection
	GlobalSection(SolutionProperties) = preSolution
		HideSolutionNode = FALSE
	EndGlobalSection
	GlobalSection(ExtensibilityGlobals) = postSolution
		SolutionGuid = {5E00F681-DEBA-4E0E-8355-1BD05A4C47F8}
	EndGlobalSection
EndGlobal
